Microsoft Visual Studio Solution File, Format Version 12.00
# Visual Studio Version 17
VisualStudioVersion = 17.5.2.0
MinimumVisualStudioVersion = 10.0.40219.1
Project("{FAE04EC0-301F-11D3-BF4B-00C04F79EFBC}") = "CakeBuild", "CakeBuild\CakeBuild.csproj", "{0EDF37D4-321E-4C69-BC4C-3CD2E85D92EF}"
EndProject
Project("{FAE04EC0-301F-11D3-BF4B-00C04F79EFBC}") = "VS-Stability-Setter", "VS-Stability-Setter\VS-Stability-Setter.csproj", "{4400ECD1-1998-4FA3-DB53-0CE3B269A2EC}"
EndProject
Global
	GlobalSection(SolutionConfigurationPlatforms) = preSolution
		Debug|Any CPU = Debug|Any CPU
		Release|Any CPU = Release|Any CPU
	EndGlobalSection
	GlobalSection(ProjectConfigurationPlatforms) = postSolution
		{0EDF37D4-321E-4C69-BC4C-3CD2E85D92EF}.Debug|Any CPU.ActiveCfg = Debug|Any CPU
		{0EDF37D4-321E-4C69-BC4C-3CD2E85D92EF}.Debug|Any CPU.Build.0 = Debug|Any CPU
		{0EDF37D4-321E-4C69-BC4C-3CD2E85D92EF}.Release|Any CPU.ActiveCfg = Release|Any CPU
		{0EDF37D4-321E-4C69-BC4C-3CD2E85D92EF}.Release|Any CPU.Build.0 = Release|Any CPU
		{4400ECD1-1998-4FA3-DB53-0CE3B269A2EC}.Debug|Any CPU.ActiveCfg = Debug|Any CPU
		{4400ECD1-1998-4FA3-DB53-0CE3B269A2EC}.Debug|Any CPU.Build.0 = Debug|Any CPU
		{4400ECD1-1998-4FA3-DB53-0CE3B269A2EC}.Release|Any CPU.ActiveCfg = Release|Any CPU
		{4400ECD1-1998-4FA3-DB53-0CE3B269A2EC}.Release|Any CPU.Build.0 = Release|Any CPU
	EndGlobalSection
	GlobalSection(SolutionProperties) = preSolution
		HideSolutionNode = FALSE
	EndGlobalSection
	GlobalSection(ExtensibilityGlobals) = postSolution
		SolutionGuid = {7AEEF0E3-90AA-42AE-B48E-FEE3025BBA1C}
	EndGlobalSection
EndGlobal
